
Microsoft Visual Studio Solution File, Format Version 12.00
# Visual Studio Version 16
VisualStudioVersion = 16.0.30523.141
MinimumVisualStudioVersion = 10.0.40219.1
Project("{F184B08F-C81C-45F6-A57F-5ABD9991F28F}") = "GitHubTest2", "GitHubTest2\GitHubTest2.vbproj", "{9FF3655E-7422-400F-83B9-8589AC2C44F3}"
EndProject
Global
	GlobalSection(SolutionConfigurationPlatforms) = preSolution
		Debug|Any CPU = Debug|Any CPU
		Release|Any CPU = Release|Any CPU
	EndGlobalSection
	GlobalSection(ProjectConfigurationPlatforms) = postSolution
		{9FF3655E-7422-400F-83B9-8589AC2C44F3}.Debug|Any CPU.ActiveCfg = Debug|Any CPU
		{9FF3655E-7422-400F-83B9-8589AC2C44F3}.Debug|Any CPU.Build.0 = Debug|Any CPU
		{9FF3655E-7422-400F-83B9-8589AC2C44F3}.Release|Any CPU.ActiveCfg = Release|Any CPU
		{9FF3655E-7422-400F-83B9-8589AC2C44F3}.Release|Any CPU.Build.0 = Release|Any CPU
	EndGlobalSection
	GlobalSection(SolutionProperties) = preSolution
		HideSolutionNode = FALSE
	EndGlobalSection
	GlobalSection(ExtensibilityGlobals) = postSolution
		SolutionGuid = {87B2E623-3B2F-4119-AC23-45625FD7E2E3}
	EndGlobalSection
EndGlobal
